
Microsoft Visual Studio Solution File, Format Version 12.00
# Visual Studio Version 16
VisualStudioVersion = 16.0.32901.82
MinimumVisualStudioVersion = 10.0.40219.1
Project("{FAE04EC0-301F-11D3-BF4B-00C04F79EFBC}") = "WebApplication2", "WebApplication2\WebApplication2.csproj", "{DE0A0BAB-7C81-426B-A569-F4E89EE4ABCF}"
EndProject
Global
	GlobalSection(SolutionConfigurationPlatforms) = preSolution
		Debug|Any CPU = Debug|Any CPU
		Release|Any CPU = Release|Any CPU
	EndGlobalSection
	GlobalSection(ProjectConfigurationPlatforms) = postSolution
		{DE0A0BAB-7C81-426B-A569-F4E89EE4ABCF}.Debug|Any CPU.ActiveCfg = Debug|Any CPU
		{DE0A0BAB-7C81-426B-A569-F4E89EE4ABCF}.Debug|Any CPU.Build.0 = Debug|Any CPU
		{DE0A0BAB-7C81-426B-A569-F4E89EE4ABCF}.Release|Any CPU.ActiveCfg = Release|Any CPU
		{DE0A0BAB-7C81-426B-A569-F4E89EE4ABCF}.Release|Any CPU.Build.0 = Release|Any CPU
	EndGlobalSection
	GlobalSection(SolutionProperties) = preSolution
		HideSolutionNode = FALSE
	EndGlobalSection
	GlobalSection(ExtensibilityGlobals) = postSolution
		SolutionGuid = {916BB91D-9020-4A5B-B25B-CECB676381D0}
	EndGlobalSection
EndGlobal
